// !$*UTF8*$!
{
	archiveVersion = 1;
	classes = {
	};
	objectVersion = 46;
	objects = {

/* Begin PBXBuildFile section */
		DAAB772528A49A78255E32DC /* libPods-WaiHanDuanZi.a in Frameworks */ = {isa = PBXBuildFile; fileRef = 624E00305601F71C048A7516 /* libPods-WaiHanDuanZi.a */; };
		F854ED6E211932BC001001B6 /* XMGTabBar.m in Sources */ = {isa = PBXBuildFile; fileRef = F854ED6D211932BC001001B6 /* XMGTabBar.m */; };
		F854ED712119478C001001B6 /* UIView+Frame.m in Sources */ = {isa = PBXBuildFile; fileRef = F854ED702119478C001001B6 /* UIView+Frame.m */; };
		F854ED7521197CC7001001B6 /* UIBarButtonItem+Item.m in Sources */ = {isa = PBXBuildFile; fileRef = F854ED7421197CC7001001B6 /* UIBarButtonItem+Item.m */; };
		F854ED792119907D001001B6 /* XMGNavigationViewController.m in Sources */ = {isa = PBXBuildFile; fileRef = F854ED782119907D001001B6 /* XMGNavigationViewController.m */; };
		F854ED7E21199464001001B6 /* XMGSettingViewController.m in Sources */ = {isa = PBXBuildFile; fileRef = F854ED7D21199464001001B6 /* XMGSettingViewController.m */; };
		F854ED84211A94D8001001B6 /* XMGAdViewController.m in Sources */ = {isa = PBXBuildFile; fileRef = F854ED82211A94D8001001B6 /* XMGAdViewController.m */; };
		F854ED85211A94D8001001B6 /* XMGAdViewController.xib in Resources */ = {isa = PBXBuildFile; fileRef = F854ED83211A94D8001001B6 /* XMGAdViewController.xib */; };
		F854ED9D211ABC37001001B6 /* LaunchImage@2x.png in Resources */ = {isa = PBXBuildFile; fileRef = F854ED96211ABC37001001B6 /* LaunchImage@2x.png */; };
		F854ED9E211ABC37001001B6 /* LaunchImage-568h@2x.png in Resources */ = {isa = PBXBuildFile; fileRef = F854ED97211ABC37001001B6 /* LaunchImage-568h@2x.png */; };
		F854ED9F211ABC37001001B6 /* LaunchImage-800-667h@2x.png in Resources */ = {isa = PBXBuildFile; fileRef = F854ED98211ABC37001001B6 /* LaunchImage-800-667h@2x.png */; };
		F854EDA0211ABC37001001B6 /* LaunchImage-800-Portrait-736h@3x.png in Resources */ = {isa = PBXBuildFile; fileRef = F854ED99211ABC37001001B6 /* LaunchImage-800-Portrait-736h@3x.png */; };
		F854EDA1211ABC37001001B6 /* LaunchImage-700@2x.png in Resources */ = {isa = PBXBuildFile; fileRef = F854ED9A211ABC37001001B6 /* LaunchImage-700@2x.png */; };
		F854EDA2211ABC37001001B6 /* LaunchImage-700-568h@2x.png in Resources */ = {isa = PBXBuildFile; fileRef = F854ED9B211ABC37001001B6 /* LaunchImage-700-568h@2x.png */; };
		F854EDA3211ABC37001001B6 /* LaunchImage.png in Resources */ = {isa = PBXBuildFile; fileRef = F854ED9C211ABC37001001B6 /* LaunchImage.png */; };
		F854EDA7211B3750001001B6 /* XMGADItem.m in Sources */ = {isa = PBXBuildFile; fileRef = F854EDA6211B3750001001B6 /* XMGADItem.m */; };
		F885919F2114481D00DC8112 /* Main.storyboard in Resources */ = {isa = PBXBuildFile; fileRef = F885919D2114481D00DC8112 /* Main.storyboard */; };
		F88591A12114481F00DC8112 /* Assets.xcassets in Resources */ = {isa = PBXBuildFile; fileRef = F88591A02114481F00DC8112 /* Assets.xcassets */; };
		F88591A42114481F00DC8112 /* LaunchScreen.storyboard in Resources */ = {isa = PBXBuildFile; fileRef = F88591A22114481F00DC8112 /* LaunchScreen.storyboard */; };
		F88591B12114481F00DC8112 /* WaiHanDuanZiUITests.m in Sources */ = {isa = PBXBuildFile; fileRef = F88591B02114481F00DC8112 /* WaiHanDuanZiUITests.m */; };
		F885927021182D2000DC8112 /* XMGEssenceViewController.m in Sources */ = {isa = PBXBuildFile; fileRef = F885925121182D2000DC8112 /* XMGEssenceViewController.m */; };
		F885927121182D2000DC8112 /* main.m in Sources */ = {isa = PBXBuildFile; fileRef = F885925621182D2000DC8112 /* main.m */; };
		F885927221182D2000DC8112 /* AppDelegate.m in Sources */ = {isa = PBXBuildFile; fileRef = F885925721182D2000DC8112 /* AppDelegate.m */; };
		F885927321182D2000DC8112 /* XMGNewViewController.m in Sources */ = {isa = PBXBuildFile; fileRef = F885925A21182D2000DC8112 /* XMGNewViewController.m */; };
		F885927421182D2000DC8112 /* XMGFriendTrendViewController.m in Sources */ = {isa = PBXBuildFile; fileRef = F885926121182D2000DC8112 /* XMGFriendTrendViewController.m */; };
		F885927521182D2000DC8112 /* XMGMeViewController.m in Sources */ = {isa = PBXBuildFile; fileRef = F885926621182D2000DC8112 /* XMGMeViewController.m */; };
		F885927621182D2000DC8112 /* XMGPublishViewController.m in Sources */ = {isa = PBXBuildFile; fileRef = F885926C21182D2000DC8112 /* XMGPublishViewController.m */; };
		F885927F21182EB600DC8112 /* XMGTabBarController.m in Sources */ = {isa = PBXBuildFile; fileRef = F885927E21182EB600DC8112 /* XMGTabBarController.m */; };
		F88592862118350400DC8112 /* UIImage+Image.m in Sources */ = {isa = PBXBuildFile; fileRef = F88592852118350400DC8112 /* UIImage+Image.m */; };
/* End PBXBuildFile section */

/* Begin PBXContainerItemProxy section */
		F88591AD2114481F00DC8112 /* PBXContainerItemProxy */ = {
			isa = PBXContainerItemProxy;
			containerPortal = F885918C2114481D00DC8112 /* Project object */;
			proxyType = 1;
			remoteGlobalIDString = F88591932114481D00DC8112;
			remoteInfo = WaiHanDuanZi;
		};
/* End PBXContainerItemProxy section */

/* Begin PBXFileReference section */
		168681E41D1A532C966E8F6B /* Pods-WaiHanDuanZi.release.xcconfig */ = {isa = PBXFileReference; includeInIndex = 1; lastKnownFileType = text.xcconfig; name = "Pods-WaiHanDuanZi.release.xcconfig"; path = "Pods/Target Support Files/Pods-WaiHanDuanZi/Pods-WaiHanDuanZi.release.xcconfig"; sourceTree = "<group>"; };
		2330B65438534A7B2CB7C066 /* Pods-WaiHanDuanZi.debug.xcconfig */ = {isa = PBXFileReference; includeInIndex = 1; lastKnownFileType = text.xcconfig; name = "Pods-WaiHanDuanZi.debug.xcconfig"; path = "Pods/Target Support Files/Pods-WaiHanDuanZi/Pods-WaiHanDuanZi.debug.xcconfig"; sourceTree = "<group>"; };
		624E00305601F71C048A7516 /* libPods-WaiHanDuanZi.a */ = {isa = PBXFileReference; explicitFileType = archive.ar; includeInIndex = 0; path = "libPods-WaiHanDuanZi.a"; sourceTree = BUILT_PRODUCTS_DIR; };
		F854ED6C211932BC001001B6 /* XMGTabBar.h */ = {isa = PBXFileReference; lastKnownFileType = sourcecode.c.h; path = XMGTabBar.h; sourceTree = "<group>"; };
		F854ED6D211932BC001001B6 /* XMGTabBar.m */ = {isa = PBXFileReference; lastKnownFileType = sourcecode.c.objc; path = XMGTabBar.m; sourceTree = "<group>"; };
		F854ED6F2119478C001001B6 /* UIView+Frame.h */ = {isa = PBXFileReference; lastKnownFileType = sourcecode.c.h; path = "UIView+Frame.h"; sourceTree = "<group>"; };
		F854ED702119478C001001B6 /* UIView+Frame.m */ = {isa = PBXFileReference; lastKnownFileType = sourcecode.c.objc; path = "UIView+Frame.m"; sourceTree = "<group>"; };
		F854ED7221194944001001B6 /* WaiHanDuanZi.pch */ = {isa = PBXFileReference; lastKnownFileType = sourcecode.c.h; path = WaiHanDuanZi.pch; sourceTree = "<group>"; };
		F854ED7321197CC7001001B6 /* UIBarButtonItem+Item.h */ = {isa = PBXFileReference; lastKnownFileType = sourcecode.c.h; path = "UIBarButtonItem+Item.h"; sourceTree = "<group>"; };
		F854ED7421197CC7001001B6 /* UIBarButtonItem+Item.m */ = {isa = PBXFileReference; lastKnownFileType = sourcecode.c.objc; path = "UIBarButtonItem+Item.m"; sourceTree = "<group>"; };
		F854ED772119907D001001B6 /* XMGNavigationViewController.h */ = {isa = PBXFileReference; lastKnownFileType = sourcecode.c.h; path = XMGNavigationViewController.h; sourceTree = "<group>"; };
		F854ED782119907D001001B6 /* XMGNavigationViewController.m */ = {isa = PBXFileReference; lastKnownFileType = sourcecode.c.objc; path = XMGNavigationViewController.m; sourceTree = "<group>"; };
		F854ED7C21199464001001B6 /* XMGSettingViewController.h */ = {isa = PBXFileReference; lastKnownFileType = sourcecode.c.h; path = XMGSettingViewController.h; sourceTree = "<group>"; };
		F854ED7D21199464001001B6 /* XMGSettingViewController.m */ = {isa = PBXFileReference; lastKnownFileType = sourcecode.c.objc; path = XMGSettingViewController.m; sourceTree = "<group>"; };
		F854ED81211A94D8001001B6 /* XMGAdViewController.h */ = {isa = PBXFileReference; lastKnownFileType = sourcecode.c.h; path = XMGAdViewController.h; sourceTree = "<group>"; };
		F854ED82211A94D8001001B6 /* XMGAdViewController.m */ = {isa = PBXFileReference; lastKnownFileType = sourcecode.c.objc; path = XMGAdViewController.m; sourceTree = "<group>"; };
		F854ED83211A94D8001001B6 /* XMGAdViewController.xib */ = {isa = PBXFileReference; lastKnownFileType = file.xib; path = XMGAdViewController.xib; sourceTree = "<group>"; };
		F854ED96211ABC37001001B6 /* LaunchImage@2x.png */ = {isa = PBXFileReference; lastKnownFileType = image.png; path = "LaunchImage@2x.png"; sourceTree = "<group>"; };
		F854ED97211ABC37001001B6 /* LaunchImage-568h@2x.png */ = {isa = PBXFileReference; lastKnownFileType = image.png; path = "LaunchImage-568h@2x.png"; sourceTree = "<group>"; };
		F854ED98211ABC37001001B6 /* LaunchImage-800-667h@2x.png */ = {isa = PBXFileReference; lastKnownFileType = image.png; path = "LaunchImage-800-667h@2x.png"; sourceTree = "<group>"; };
		F854ED99211ABC37001001B6 /* LaunchImage-800-Portrait-736h@3x.png */ = {isa = PBXFileReference; lastKnownFileType = image.png; path = "LaunchImage-800-Portrait-736h@3x.png"; sourceTree = "<group>"; };
		F854ED9A211ABC37001001B6 /* LaunchImage-700@2x.png */ = {isa = PBXFileReference; lastKnownFileType = image.png; path = "LaunchImage-700@2x.png"; sourceTree = "<group>"; };
		F854ED9B211ABC37001001B6 /* LaunchImage-700-568h@2x.png */ = {isa = PBXFileReference; lastKnownFileType = image.png; path = "LaunchImage-700-568h@2x.png"; sourceTree = "<group>"; };
		F854ED9C211ABC37001001B6 /* LaunchImage.png */ = {isa = PBXFileReference; lastKnownFileType = image.png; path = LaunchImage.png; sourceTree = "<group>"; };
		F854EDA5211B3750001001B6 /* XMGADItem.h */ = {isa = PBXFileReference; lastKnownFileType = sourcecode.c.h; path = XMGADItem.h; sourceTree = "<group>"; };
		F854EDA6211B3750001001B6 /* XMGADItem.m */ = {isa = PBXFileReference; lastKnownFileType = sourcecode.c.objc; path = XMGADItem.m; sourceTree = "<group>"; };
		F88591942114481D00DC8112 /* WaiHanDuanZi.app */ = {isa = PBXFileReference; explicitFileType = wrapper.application; includeInIndex = 0; path = WaiHanDuanZi.app; sourceTree = BUILT_PRODUCTS_DIR; };
		F885919E2114481D00DC8112 /* Base */ = {isa = PBXFileReference; lastKnownFileType = file.storyboard; name = Base; path = Base.lproj/Main.storyboard; sourceTree = "<group>"; };
		F88591A02114481F00DC8112 /* Assets.xcassets */ = {isa = PBXFileReference; lastKnownFileType = folder.assetcatalog; path = Assets.xcassets; sourceTree = "<group>"; };
		F88591A32114481F00DC8112 /* Base */ = {isa = PBXFileReference; lastKnownFileType = file.storyboard; name = Base; path = Base.lproj/LaunchScreen.storyboard; sourceTree = "<group>"; };
		F88591A52114481F00DC8112 /* Info.plist */ = {isa = PBXFileReference; lastKnownFileType = text.plist.xml; path = Info.plist; sourceTree = "<group>"; };
		F88591AC2114481F00DC8112 /* WaiHanDuanZiUITests.xctest */ = {isa = PBXFileReference; explicitFileType = wrapper.cfbundle; includeInIndex = 0; path = WaiHanDuanZiUITests.xctest; sourceTree = BUILT_PRODUCTS_DIR; };
		F88591B02114481F00DC8112 /* WaiHanDuanZiUITests.m */ = {isa = PBXFileReference; lastKnownFileType = sourcecode.c.objc; path = WaiHanDuanZiUITests.m; sourceTree = "<group>"; };
		F88591B22114481F00DC8112 /* Info.plist */ = {isa = PBXFileReference; lastKnownFileType = text.plist.xml; path = Info.plist; sourceTree = "<group>"; };
		F885925021182D2000DC8112 /* XMGEssenceViewController.h */ = {isa = PBXFileReference; fileEncoding = 4; lastKnownFileType = sourcecode.c.h; path = XMGEssenceViewController.h; sourceTree = "<group>"; };
		F885925121182D2000DC8112 /* XMGEssenceViewController.m */ = {isa = PBXFileReference; fileEncoding = 4; lastKnownFileType = sourcecode.c.objc; path = XMGEssenceViewController.m; sourceTree = "<group>"; };
		F885925521182D2000DC8112 /* AppDelegate.h */ = {isa = PBXFileReference; fileEncoding = 4; lastKnownFileType = sourcecode.c.h; path = AppDelegate.h; sourceTree = "<group>"; };
		F885925621182D2000DC8112 /* main.m */ = {isa = PBXFileReference; fileEncoding = 4; lastKnownFileType = sourcecode.c.objc; path = main.m; sourceTree = "<group>"; };
		F885925721182D2000DC8112 /* AppDelegate.m */ = {isa = PBXFileReference; fileEncoding = 4; lastKnownFileType = sourcecode.c.objc; path = AppDelegate.m; sourceTree = "<group>"; };
		F885925A21182D2000DC8112 /* XMGNewViewController.m */ = {isa = PBXFileReference; fileEncoding = 4; lastKnownFileType = sourcecode.c.objc; path = XMGNewViewController.m; sourceTree = "<group>"; };
		F885925B21182D2000DC8112 /* XMGNewViewController.h */ = {isa = PBXFileReference; fileEncoding = 4; lastKnownFileType = sourcecode.c.h; path = XMGNewViewController.h; sourceTree = "<group>"; };
		F885926021182D2000DC8112 /* XMGFriendTrendViewController.h */ = {isa = PBXFileReference; fileEncoding = 4; lastKnownFileType = sourcecode.c.h; path = XMGFriendTrendViewController.h; sourceTree = "<group>"; };
		F885926121182D2000DC8112 /* XMGFriendTrendViewController.m */ = {isa = PBXFileReference; fileEncoding = 4; lastKnownFileType = sourcecode.c.objc; path = XMGFriendTrendViewController.m; sourceTree = "<group>"; };
		F885926621182D2000DC8112 /* XMGMeViewController.m */ = {isa = PBXFileReference; fileEncoding = 4; lastKnownFileType = sourcecode.c.objc; path = XMGMeViewController.m; sourceTree = "<group>"; };
		F885926721182D2000DC8112 /* XMGMeViewController.h */ = {isa = PBXFileReference; fileEncoding = 4; lastKnownFileType = sourcecode.c.h; path = XMGMeViewController.h; sourceTree = "<group>"; };
		F885926C21182D2000DC8112 /* XMGPublishViewController.m */ = {isa = PBXFileReference; fileEncoding = 4; lastKnownFileType = sourcecode.c.objc; path = XMGPublishViewController.m; sourceTree = "<group>"; };
		F885926D21182D2000DC8112 /* XMGPublishViewController.h */ = {isa = PBXFileReference; fileEncoding = 4; lastKnownFileType = sourcecode.c.h; path = XMGPublishViewController.h; sourceTree = "<group>"; };
		F885927D21182EB600DC8112 /* XMGTabBarController.h */ = {isa = PBXFileReference; lastKnownFileType = sourcecode.c.h; path = XMGTabBarController.h; sourceTree = "<group>"; };
		F885927E21182EB600DC8112 /* XMGTabBarController.m */ = {isa = PBXFileReference; lastKnownFileType = sourcecode.c.objc; path = XMGTabBarController.m; sourceTree = "<group>"; };
		F88592842118350400DC8112 /* UIImage+Image.h */ = {isa = PBXFileReference; lastKnownFileType = sourcecode.c.h; path = "UIImage+Image.h"; sourceTree = "<group>"; };
		F88592852118350400DC8112 /* UIImage+Image.m */ = {isa = PBXFileReference; lastKnownFileType = sourcecode.c.objc; path = "UIImage+Image.m"; sourceTree = "<group>"; };
/* End PBXFileReference section */

/* Begin PBXFrameworksBuildPhase section */
		F88591912114481D00DC8112 /* Frameworks */ = {
			isa = PBXFrameworksBuildPhase;
			buildActionMask = 2147483647;
			files = (
				DAAB772528A49A78255E32DC /* libPods-WaiHanDuanZi.a in Frameworks */,
			);
			runOnlyForDeploymentPostprocessing = 0;
		};
		F88591A92114481F00DC8112 /* Frameworks */ = {
			isa = PBXFrameworksBuildPhase;
			buildActionMask = 2147483647;
			files = (
			);
			runOnlyForDeploymentPostprocessing = 0;
		};
/* End PBXFrameworksBuildPhase section */

/* Begin PBXGroup section */
		4E298681512D25B6F4F9F6B7 /* Frameworks */ = {
			isa = PBXGroup;
			children = (
				624E00305601F71C048A7516 /* libPods-WaiHanDuanZi.a */,
			);
			name = Frameworks;
			sourceTree = "<group>";
		};
		90E4B7FF5E28FA14347FBE2C /* Pods */ = {
			isa = PBXGroup;
			children = (
				2330B65438534A7B2CB7C066 /* Pods-WaiHanDuanZi.debug.xcconfig */,
				168681E41D1A532C966E8F6B /* Pods-WaiHanDuanZi.release.xcconfig */,
			);
			name = Pods;
			sourceTree = "<group>";
		};
		F854ED7A21199443001001B6 /* Setting(设置) */ = {
			isa = PBXGroup;
			children = (
				F854ED7B21199443001001B6 /* Controller */,
			);
			path = "Setting(设置)";
			sourceTree = "<group>";
		};
		F854ED7B21199443001001B6 /* Controller */ = {
			isa = PBXGroup;
			children = (
				F854ED7C21199464001001B6 /* XMGSettingViewController.h */,
				F854ED7D21199464001001B6 /* XMGSettingViewController.m */,
			);
			path = Controller;
			sourceTree = "<group>";
		};
		F854ED7F211A9497001001B6 /* AD(广告) */ = {
			isa = PBXGroup;
			children = (
				F854EDA4211B372F001001B6 /* Model */,
				F854ED80211A94B1001001B6 /* Controller */,
			);
			path = "AD(广告)";
			sourceTree = "<group>";
		};
		F854ED80211A94B1001001B6 /* Controller */ = {
			isa = PBXGroup;
			children = (
				F854ED81211A94D8001001B6 /* XMGAdViewController.h */,
				F854ED82211A94D8001001B6 /* XMGAdViewController.m */,
				F854ED83211A94D8001001B6 /* XMGAdViewController.xib */,
			);
			path = Controller;
			sourceTree = "<group>";
		};
		F854ED95211ABC37001001B6 /* 启动图片 */ = {
			isa = PBXGroup;
			children = (
				F854ED96211ABC37001001B6 /* LaunchImage@2x.png */,
				F854ED97211ABC37001001B6 /* LaunchImage-568h@2x.png */,
				F854ED98211ABC37001001B6 /* LaunchImage-800-667h@2x.png */,
				F854ED99211ABC37001001B6 /* LaunchImage-800-Portrait-736h@3x.png */,
				F854ED9A211ABC37001001B6 /* LaunchImage-700@2x.png */,
				F854ED9B211ABC37001001B6 /* LaunchImage-700-568h@2x.png */,
				F854ED9C211ABC37001001B6 /* LaunchImage.png */,
			);
			path = "启动图片";
			sourceTree = "<group>";
		};
		F854EDA4211B372F001001B6 /* Model */ = {
			isa = PBXGroup;
			children = (
				F854EDA5211B3750001001B6 /* XMGADItem.h */,
				F854EDA6211B3750001001B6 /* XMGADItem.m */,
			);
			path = Model;
			sourceTree = "<group>";
		};
		F885918B2114481D00DC8112 = {
			isa = PBXGroup;
			children = (
				F88591962114481D00DC8112 /* WaiHanDuanZi */,
				F88591AF2114481F00DC8112 /* WaiHanDuanZiUITests */,
				F88591952114481D00DC8112 /* Products */,
				90E4B7FF5E28FA14347FBE2C /* Pods */,
				4E298681512D25B6F4F9F6B7 /* Frameworks */,
			);
			sourceTree = "<group>";
		};
		F88591952114481D00DC8112 /* Products */ = {
			isa = PBXGroup;
			children = (
				F88591942114481D00DC8112 /* WaiHanDuanZi.app */,
				F88591AC2114481F00DC8112 /* WaiHanDuanZiUITests.xctest */,
			);
			name = Products;
			sourceTree = "<group>";
		};
		F88591962114481D00DC8112 /* WaiHanDuanZi */ = {
			isa = PBXGroup;
			children = (
				F885924D21182D2000DC8112 /* Classes */,
				F885919D2114481D00DC8112 /* Main.storyboard */,
				F88591A02114481F00DC8112 /* Assets.xcassets */,
				F88591A22114481F00DC8112 /* LaunchScreen.storyboard */,
				F88591A52114481F00DC8112 /* Info.plist */,
			);
			path = WaiHanDuanZi;
			sourceTree = "<group>";
		};
		F88591AF2114481F00DC8112 /* WaiHanDuanZiUITests */ = {
			isa = PBXGroup;
			children = (
				F88591B02114481F00DC8112 /* WaiHanDuanZiUITests.m */,
				F88591B22114481F00DC8112 /* Info.plist */,
			);
			path = WaiHanDuanZiUITests;
			sourceTree = "<group>";
		};
		F885924D21182D2000DC8112 /* Classes */ = {
			isa = PBXGroup;
			children = (
				F854ED95211ABC37001001B6 /* 启动图片 */,
				F854ED7F211A9497001001B6 /* AD(广告) */,
				F854ED7A21199443001001B6 /* Setting(设置) */,
				F885927721182E5B00DC8112 /* Main */,
				F885924E21182D2000DC8112 /* Essence(精华) */,
				F885925821182D2000DC8112 /* New(新帖) */,
				F885925E21182D2000DC8112 /* FriendTrend(关注) */,
				F885926421182D2000DC8112 /* Me(我) */,
				F885926A21182D2000DC8112 /* Publish(发布) */,
				F885925421182D2000DC8112 /* Other */,
			);
			path = Classes;
			sourceTree = "<group>";
		};
		F885924E21182D2000DC8112 /* Essence(精华) */ = {
			isa = PBXGroup;
			children = (
				F885924F21182D2000DC8112 /* Controller */,
			);
			path = "Essence(精华)";
			sourceTree = "<group>";
		};
		F885924F21182D2000DC8112 /* Controller */ = {
			isa = PBXGroup;
			children = (
				F885925021182D2000DC8112 /* XMGEssenceViewController.h */,
				F885925121182D2000DC8112 /* XMGEssenceViewController.m */,
			);
			path = Controller;
			sourceTree = "<group>";
		};
		F885925421182D2000DC8112 /* Other */ = {
			isa = PBXGroup;
			children = (
				F88592802118347500DC8112 /* Category */,
				F885925521182D2000DC8112 /* AppDelegate.h */,
				F885925721182D2000DC8112 /* AppDelegate.m */,
				F885925621182D2000DC8112 /* main.m */,
				F854ED7221194944001001B6 /* WaiHanDuanZi.pch */,
			);
			path = Other;
			sourceTree = "<group>";
		};
		F885925821182D2000DC8112 /* New(新帖) */ = {
			isa = PBXGroup;
			children = (
				F885925921182D2000DC8112 /* Controller */,
			);
			path = "New(新帖)";
			sourceTree = "<group>";
		};
		F885925921182D2000DC8112 /* Controller */ = {
			isa = PBXGroup;
			children = (
				F885925B21182D2000DC8112 /* XMGNewViewController.h */,
				F885925A21182D2000DC8112 /* XMGNewViewController.m */,
			);
			path = Controller;
			sourceTree = "<group>";
		};
		F885925E21182D2000DC8112 /* FriendTrend(关注) */ = {
			isa = PBXGroup;
			children = (
				F885925F21182D2000DC8112 /* Controller */,
			);
			path = "FriendTrend(关注)";
			sourceTree = "<group>";
		};
		F885925F21182D2000DC8112 /* Controller */ = {
			isa = PBXGroup;
			children = (
				F885926021182D2000DC8112 /* XMGFriendTrendViewController.h */,
				F885926121182D2000DC8112 /* XMGFriendTrendViewController.m */,
			);
			path = Controller;
			sourceTree = "<group>";
		};
		F885926421182D2000DC8112 /* Me(我) */ = {
			isa = PBXGroup;
			children = (
				F885926521182D2000DC8112 /* Controller */,
			);
			path = "Me(我)";
			sourceTree = "<group>";
		};
		F885926521182D2000DC8112 /* Controller */ = {
			isa = PBXGroup;
			children = (
				F885926721182D2000DC8112 /* XMGMeViewController.h */,
				F885926621182D2000DC8112 /* XMGMeViewController.m */,
			);
			path = Controller;
			sourceTree = "<group>";
		};
		F885926A21182D2000DC8112 /* Publish(发布) */ = {
			isa = PBXGroup;
			children = (
				F885926B21182D2000DC8112 /* Controller */,
				F885926E21182D2000DC8112 /* Model */,
				F885926F21182D2000DC8112 /* View */,
			);
			path = "Publish(发布)";
			sourceTree = "<group>";
		};
		F885926B21182D2000DC8112 /* Controller */ = {
			isa = PBXGroup;
			children = (
				F885926C21182D2000DC8112 /* XMGPublishViewController.m */,
				F885926D21182D2000DC8112 /* XMGPublishViewController.h */,
			);
			path = Controller;
			sourceTree = "<group>";
		};
		F885926E21182D2000DC8112 /* Model */ = {
			isa = PBXGroup;
			children = (
			);
			path = Model;
			sourceTree = "<group>";
		};
		F885926F21182D2000DC8112 /* View */ = {
			isa = PBXGroup;
			children = (
			);
			path = View;
			sourceTree = "<group>";
		};
		F885927721182E5B00DC8112 /* Main */ = {
			isa = PBXGroup;
			children = (
				F885927A21182E7D00DC8112 /* Controller */,
				F885927821182E6300DC8112 /* View */,
			);
			path = Main;
			sourceTree = "<group>";
		};
		F885927821182E6300DC8112 /* View */ = {
			isa = PBXGroup;
			children = (
				F854ED6C211932BC001001B6 /* XMGTabBar.h */,
				F854ED6D211932BC001001B6 /* XMGTabBar.m */,
			);
			path = View;
			sourceTree = "<group>";
		};
		F885927A21182E7D00DC8112 /* Controller */ = {
			isa = PBXGroup;
			children = (
				F854ED772119907D001001B6 /* XMGNavigationViewController.h */,
				F854ED782119907D001001B6 /* XMGNavigationViewController.m */,
				F885927D21182EB600DC8112 /* XMGTabBarController.h */,
				F885927E21182EB600DC8112 /* XMGTabBarController.m */,
			);
			path = Controller;
			sourceTree = "<group>";
		};
		F88592802118347500DC8112 /* Category */ = {
			isa = PBXGroup;
			children = (
				F88592842118350400DC8112 /* UIImage+Image.h */,
				F88592852118350400DC8112 /* UIImage+Image.m */,
				F854ED6F2119478C001001B6 /* UIView+Frame.h */,
				F854ED702119478C001001B6 /* UIView+Frame.m */,
				F854ED7321197CC7001001B6 /* UIBarButtonItem+Item.h */,
				F854ED7421197CC7001001B6 /* UIBarButtonItem+Item.m */,
			);
			path = Category;
			sourceTree = "<group>";
		};
/* End PBXGroup section */

/* Begin PBXNativeTarget section */
		F88591932114481D00DC8112 /* WaiHanDuanZi */ = {
			isa = PBXNativeTarget;
			buildConfigurationList = F88591B52114481F00DC8112 /* Build configuration list for PBXNativeTarget "WaiHanDuanZi" */;
			buildPhases = (
				7476FB232F5CC7F4BA518753 /* [CP] Check Pods Manifest.lock */,
				F88591902114481D00DC8112 /* Sources */,
				F88591912114481D00DC8112 /* Frameworks */,
				F88591922114481D00DC8112 /* Resources */,
				361D8D08D3C41F8345C2702D /* [CP] Embed Pods Frameworks */,
				A84C12180B76CA4E784E603A /* [CP] Copy Pods Resources */,
			);
			buildRules = (
			);
			dependencies = (
			);
			name = WaiHanDuanZi;
			productName = WaiHanDuanZi;
			productReference = F88591942114481D00DC8112 /* WaiHanDuanZi.app */;
			productType = "com.apple.product-type.application";
		};
		F88591AB2114481F00DC8112 /* WaiHanDuanZiUITests */ = {
			isa = PBXNativeTarget;
			buildConfigurationList = F88591B82114481F00DC8112 /* Build configuration list for PBXNativeTarget "WaiHanDuanZiUITests" */;
			buildPhases = (
				F88591A82114481F00DC8112 /* Sources */,
				F88591A92114481F00DC8112 /* Frameworks */,
				F88591AA2114481F00DC8112 /* Resources */,
			);
			buildRules = (
			);
			dependencies = (
				F88591AE2114481F00DC8112 /* PBXTargetDependency */,
			);
			name = WaiHanDuanZiUITests;
			productName = WaiHanDuanZiUITests;
			productReference = F88591AC2114481F00DC8112 /* WaiHanDuanZiUITests.xctest */;
			productType = "com.apple.product-type.bundle.ui-testing";
		};
/* End PBXNativeTarget section */

/* Begin PBXProject section */
		F885918C2114481D00DC8112 /* Project object */ = {
			isa = PBXProject;
			attributes = {
				CLASSPREFIX = XMG;
				LastUpgradeCheck = 0940;
				ORGANIZATIONNAME = zww;
				TargetAttributes = {
					F88591932114481D00DC8112 = {
						CreatedOnToolsVersion = 9.4.1;
						DevelopmentTeam = VN2WB3SJ34;
						ProvisioningStyle = Automatic;
					};
					F88591AB2114481F00DC8112 = {
						CreatedOnToolsVersion = 9.4.1;
						DevelopmentTeam = VN2WB3SJ34;
						ProvisioningStyle = Automatic;
						TestTargetID = F88591932114481D00DC8112;
					};
				};
			};
			buildConfigurationList = F885918F2114481D00DC8112 /* Build configuration list for PBXProject "WaiHanDuanZi" */;
			compatibilityVersion = "Xcode 3.2";
			developmentRegion = en;
			hasScannedForEncodings = 0;
			knownRegions = (
				en,
				Base,
			);
			mainGroup = F885918B2114481D00DC8112;
			productRefGroup = F88591952114481D00DC8112 /* Products */;
			projectDirPath = "";
			projectRoot = "";
			targets = (
				F88591932114481D00DC8112 /* WaiHanDuanZi */,
				F88591AB2114481F00DC8112 /* WaiHanDuanZiUITests */,
			);
		};
/* End PBXProject section */

/* Begin PBXResourcesBuildPhase section */
		F88591922114481D00DC8112 /* Resources */ = {
			isa = PBXResourcesBuildPhase;
			buildActionMask = 2147483647;
			files = (
				F854ED85211A94D8001001B6 /* XMGAdViewController.xib in Resources */,
				F88591A42114481F00DC8112 /* LaunchScreen.storyboard in Resources */,
				F88591A12114481F00DC8112 /* Assets.xcassets in Resources */,
				F885919F2114481D00DC8112 /* Main.storyboard in Resources */,
				F854EDA0211ABC37001001B6 /* LaunchImage-800-Portrait-736h@3x.png in Resources */,
				F854ED9E211ABC37001001B6 /* LaunchImage-568h@2x.png in Resources */,
				F854EDA2211ABC37001001B6 /* LaunchImage-700-568h@2x.png in Resources */,
				F854EDA1211ABC37001001B6 /* LaunchImage-700@2x.png in Resources */,
				F854ED9F211ABC37001001B6 /* LaunchImage-800-667h@2x.png in Resources */,
				F854ED9D211ABC37001001B6 /* LaunchImage@2x.png in Resources */,
				F854EDA3211ABC37001001B6 /* LaunchImage.png in Resources */,
			);
			runOnlyForDeploymentPostprocessing = 0;
		};
		F88591AA2114481F00DC8112 /* Resources */ = {
			isa = PBXResourcesBuildPhase;
			buildActionMask = 2147483647;
			files = (
			);
			runOnlyForDeploymentPostprocessing = 0;
		};
/* End PBXResourcesBuildPhase section */

/* Begin PBXShellScriptBuildPhase section */
		361D8D08D3C41F8345C2702D /* [CP] Embed Pods Frameworks */ = {
			isa = PBXShellScriptBuildPhase;
			buildActionMask = 2147483647;
			files = (
			);
			inputPaths = (
			);
			name = "[CP] Embed Pods Frameworks";
			outputPaths = (
			);
			runOnlyForDeploymentPostprocessing = 0;
			shellPath = /bin/sh;
			shellScript = "\"${SRCROOT}/Pods/Target Support Files/Pods-WaiHanDuanZi/Pods-WaiHanDuanZi-frameworks.sh\"\n";
			showEnvVarsInLog = 0;
		};
		7476FB232F5CC7F4BA518753 /* [CP] Check Pods Manifest.lock */ = {
			isa = PBXShellScriptBuildPhase;
			buildActionMask = 2147483647;
			files = (
			);
			inputPaths = (
			);
			name = "[CP] Check Pods Manifest.lock";
			outputPaths = (
			);
			runOnlyForDeploymentPostprocessing = 0;
			shellPath = /bin/sh;
			shellScript = "diff \"${PODS_PODFILE_DIR_PATH}/Podfile.lock\" \"${PODS_ROOT}/Manifest.lock\" > /dev/null\nif [ $? != 0 ] ; then\n    # print error to STDERR\n    echo \"error: The sandbox is not in sync with the Podfile.lock. Run 'pod install' or update your CocoaPods installation.\" >&2\n    exit 1\nfi\n";
			showEnvVarsInLog = 0;
		};
		A84C12180B76CA4E784E603A /* [CP] Copy Pods Resources */ = {
			isa = PBXShellScriptBuildPhase;
			buildActionMask = 2147483647;
			files = (
			);
			inputPaths = (
			);
			name = "[CP] Copy Pods Resources";
			outputPaths = (
			);
			runOnlyForDeploymentPostprocessing = 0;
			shellPath = /bin/sh;
			shellScript = "\"${SRCROOT}/Pods/Target Support Files/Pods-WaiHanDuanZi/Pods-WaiHanDuanZi-resources.sh\"\n";
			showEnvVarsInLog = 0;
		};
/* End PBXShellScriptBuildPhase section */

/* Begin PBXSourcesBuildPhase section */
		F88591902114481D00DC8112 /* Sources */ = {
			isa = PBXSourcesBuildPhase;
			buildActionMask = 2147483647;
			files = (
				F854ED6E211932BC001001B6 /* XMGTabBar.m in Sources */,
				F854ED7521197CC7001001B6 /* UIBarButtonItem+Item.m in Sources */,
				F885927121182D2000DC8112 /* main.m in Sources */,
				F885927021182D2000DC8112 /* XMGEssenceViewController.m in Sources */,
				F885927621182D2000DC8112 /* XMGPublishViewController.m in Sources */,
				F88592862118350400DC8112 /* UIImage+Image.m in Sources */,
				F854EDA7211B3750001001B6 /* XMGADItem.m in Sources */,
				F854ED7E21199464001001B6 /* XMGSettingViewController.m in Sources */,
				F885927421182D2000DC8112 /* XMGFriendTrendViewController.m in Sources */,
				F854ED84211A94D8001001B6 /* XMGAdViewController.m in Sources */,
				F885927F21182EB600DC8112 /* XMGTabBarController.m in Sources */,
				F854ED792119907D001001B6 /* XMGNavigationViewController.m in Sources */,
				F885927521182D2000DC8112 /* XMGMeViewController.m in Sources */,
				F885927321182D2000DC8112 /* XMGNewViewController.m in Sources */,
				F885927221182D2000DC8112 /* AppDelegate.m in Sources */,
				F854ED712119478C001001B6 /* UIView+Frame.m in Sources */,
			);
			runOnlyForDeploymentPostprocessing = 0;
		};
		F88591A82114481F00DC8112 /* Sources */ = {
			isa = PBXSourcesBuildPhase;
			buildActionMask = 2147483647;
			files = (
				F88591B12114481F00DC8112 /* WaiHanDuanZiUITests.m in Sources */,
			);
			runOnlyForDeploymentPostprocessing = 0;
		};
/* End PBXSourcesBuildPhase section */

/* Begin PBXTargetDependency section */
		F88591AE2114481F00DC8112 /* PBXTargetDependency */ = {
			isa = PBXTargetDependency;
			target = F88591932114481D00DC8112 /* WaiHanDuanZi */;
			targetProxy = F88591AD2114481F00DC8112 /* PBXContainerItemProxy */;
		};
/* End PBXTargetDependency section */

/* Begin PBXVariantGroup section */
		F885919D2114481D00DC8112 /* Main.storyboard */ = {
			isa = PBXVariantGroup;
			children = (
				F885919E2114481D00DC8112 /* Base */,
			);
			name = Main.storyboard;
			sourceTree = "<group>";
		};
		F88591A22114481F00DC8112 /* LaunchScreen.storyboard */ = {
			isa = PBXVariantGroup;
			children = (
				F88591A32114481F00DC8112 /* Base */,
			);
			name = LaunchScreen.storyboard;
			sourceTree = "<group>";
		};
/* End PBXVariantGroup section */

/* Begin XCBuildConfiguration section */
		F88591B32114481F00DC8112 /* Debug */ = {
			isa = XCBuildConfiguration;
			buildSettings = {
				ALWAYS_SEARCH_USER_PATHS = NO;
				CLANG_ANALYZER_NONNULL = YES;
				CLANG_ANALYZER_NUMBER_OBJECT_CONVERSION = YES_AGGRESSIVE;
				CLANG_CXX_LANGUAGE_STANDARD = "gnu++14";
				CLANG_CXX_LIBRARY = "libc++";
				CLANG_ENABLE_MODULES = YES;
				CLANG_ENABLE_OBJC_ARC = YES;
				CLANG_ENABLE_OBJC_WEAK = YES;
				CLANG_WARN_BLOCK_CAPTURE_AUTORELEASING = YES;
				CLANG_WARN_BOOL_CONVERSION = YES;
				CLANG_WARN_COMMA = YES;
				CLANG_WARN_CONSTANT_CONVERSION = YES;
				CLANG_WARN_DEPRECATED_OBJC_IMPLEMENTATIONS = YES;
				CLANG_WARN_DIRECT_OBJC_ISA_USAGE = YES_ERROR;
				CLANG_WARN_DOCUMENTATION_COMMENTS = YES;
				CLANG_WARN_EMPTY_BODY = YES;
				CLANG_WARN_ENUM_CONVERSION = YES;
				CLANG_WARN_INFINITE_RECURSION = YES;
				CLANG_WARN_INT_CONVERSION = YES;
				CLANG_WARN_NON_LITERAL_NULL_CONVERSION = YES;
				CLANG_WARN_OBJC_IMPLICIT_RETAIN_SELF = YES;
				CLANG_WARN_OBJC_LITERAL_CONVERSION = YES;
				CLANG_WARN_OBJC_ROOT_CLASS = YES_ERROR;
				CLANG_WARN_RANGE_LOOP_ANALYSIS = YES;
				CLANG_WARN_STRICT_PROTOTYPES = YES;
				CLANG_WARN_SUSPICIOUS_MOVE = YES;
				CLANG_WARN_UNGUARDED_AVAILABILITY = YES_AGGRESSIVE;
				CLANG_WARN_UNREACHABLE_CODE = YES;
				CLANG_WARN__DUPLICATE_METHOD_MATCH = YES;
				CODE_SIGN_IDENTITY = "iPhone Developer";
				COPY_PHASE_STRIP = NO;
				DEBUG_INFORMATION_FORMAT = dwarf;
				ENABLE_STRICT_OBJC_MSGSEND = YES;
				ENABLE_TESTABILITY = YES;
				GCC_C_LANGUAGE_STANDARD = gnu11;
				GCC_DYNAMIC_NO_PIC = NO;
				GCC_NO_COMMON_BLOCKS = YES;
				GCC_OPTIMIZATION_LEVEL = 0;
				GCC_PREPROCESSOR_DEFINITIONS = (
					"DEBUG=1",
					"$(inherited)",
				);
				GCC_WARN_64_TO_32_BIT_CONVERSION = YES;
				GCC_WARN_ABOUT_RETURN_TYPE = YES_ERROR;
				GCC_WARN_UNDECLARED_SELECTOR = YES;
				GCC_WARN_UNINITIALIZED_AUTOS = YES_AGGRESSIVE;
				GCC_WARN_UNUSED_FUNCTION = YES;
				GCC_WARN_UNUSED_VARIABLE = YES;
				IPHONEOS_DEPLOYMENT_TARGET = 11.4;
				MTL_ENABLE_DEBUG_INFO = YES;
				ONLY_ACTIVE_ARCH = YES;
				SDKROOT = iphoneos;
			};
			name = Debug;
		};
		F88591B42114481F00DC8112 /* Release */ = {
			isa = XCBuildConfiguration;
			buildSettings = {
				ALWAYS_SEARCH_USER_PATHS = NO;
				CLANG_ANALYZER_NONNULL = YES;
				CLANG_ANALYZER_NUMBER_OBJECT_CONVERSION = YES_AGGRESSIVE;
				CLANG_CXX_LANGUAGE_STANDARD = "gnu++14";
				CLANG_CXX_LIBRARY = "libc++";
				CLANG_ENABLE_MODULES = YES;
				CLANG_ENABLE_OBJC_ARC = YES;
				CLANG_ENABLE_OBJC_WEAK = YES;
				CLANG_WARN_BLOCK_CAPTURE_AUTORELEASING = YES;
				CLANG_WARN_BOOL_CONVERSION = YES;
				CLANG_WARN_COMMA = YES;
				CLANG_WARN_CONSTANT_CONVERSION = YES;
				CLANG_WARN_DEPRECATED_OBJC_IMPLEMENTATIONS = YES;
				CLANG_WARN_DIRECT_OBJC_ISA_USAGE = YES_ERROR;
				CLANG_WARN_DOCUMENTATION_COMMENTS = YES;
				CLANG_WARN_EMPTY_BODY = YES;
				CLANG_WARN_ENUM_CONVERSION = YES;
				CLANG_WARN_INFINITE_RECURSION = YES;
				CLANG_WARN_INT_CONVERSION = YES;
				CLANG_WARN_NON_LITERAL_NULL_CONVERSION = YES;
				CLANG_WARN_OBJC_IMPLICIT_RETAIN_SELF = YES;
				CLANG_WARN_OBJC_LITERAL_CONVERSION = YES;
				CLANG_WARN_OBJC_ROOT_CLASS = YES_ERROR;
				CLANG_WARN_RANGE_LOOP_ANALYSIS = YES;
				CLANG_WARN_STRICT_PROTOTYPES = YES;
				CLANG_WARN_SUSPICIOUS_MOVE = YES;
				CLANG_WARN_UNGUARDED_AVAILABILITY = YES_AGGRESSIVE;
				CLANG_WARN_UNREACHABLE_CODE = YES;
				CLANG_WARN__DUPLICATE_METHOD_MATCH = YES;
				CODE_SIGN_IDENTITY = "iPhone Developer";
				COPY_PHASE_STRIP = NO;
				DEBUG_INFORMATION_FORMAT = "dwarf-with-dsym";
				ENABLE_NS_ASSERTIONS = NO;
				ENABLE_STRICT_OBJC_MSGSEND = YES;
				GCC_C_LANGUAGE_STANDARD = gnu11;
				GCC_NO_COMMON_BLOCKS = YES;
				GCC_WARN_64_TO_32_BIT_CONVERSION = YES;
				GCC_WARN_ABOUT_RETURN_TYPE = YES_ERROR;
				GCC_WARN_UNDECLARED_SELECTOR = YES;
				GCC_WARN_UNINITIALIZED_AUTOS = YES_AGGRESSIVE;
				GCC_WARN_UNUSED_FUNCTION = YES;
				GCC_WARN_UNUSED_VARIABLE = YES;
				IPHONEOS_DEPLOYMENT_TARGET = 11.4;
				MTL_ENABLE_DEBUG_INFO = NO;
				SDKROOT = iphoneos;
				VALIDATE_PRODUCT = YES;
			};
			name = Release;
		};
		F88591B62114481F00DC8112 /* Debug */ = {
			isa = XCBuildConfiguration;
			baseConfigurationReference = 2330B65438534A7B2CB7C066 /* Pods-WaiHanDuanZi.debug.xcconfig */;
			buildSettings = {
				ASSETCATALOG_COMPILER_APPICON_NAME = AppIcon;
				CLANG_WARN_OBJC_IMPLICIT_RETAIN_SELF = NO;
				CODE_SIGN_STYLE = Automatic;
				DEVELOPMENT_TEAM = VN2WB3SJ34;
				GCC_PREFIX_HEADER = WaiHanDuanZi/Classes/Other/WaiHanDuanZi.pch;
				INFOPLIST_FILE = WaiHanDuanZi/Info.plist;
				IPHONEOS_DEPLOYMENT_TARGET = 7.0;
				LD_RUNPATH_SEARCH_PATHS = "$(inherited) @executable_path/Frameworks";
				PRODUCT_BUNDLE_IDENTIFIER = com.zww.WaiHanDuanZi;
				PRODUCT_NAME = "$(TARGET_NAME)";
				TARGETED_DEVICE_FAMILY = 1;
			};
			name = Debug;
		};
		F88591B72114481F00DC8112 /* Release */ = {
			isa = XCBuildConfiguration;
			baseConfigurationReference = 168681E41D1A532C966E8F6B /* Pods-WaiHanDuanZi.release.xcconfig */;
			buildSettings = {
				ASSETCATALOG_COMPILER_APPICON_NAME = AppIcon;
				CLANG_WARN_OBJC_IMPLICIT_RETAIN_SELF = NO;
				CODE_SIGN_STYLE = Automatic;
				DEVELOPMENT_TEAM = VN2WB3SJ34;
				GCC_PREFIX_HEADER = WaiHanDuanZi/Classes/Other/WaiHanDuanZi.pch;
				INFOPLIST_FILE = WaiHanDuanZi/Info.plist;
				IPHONEOS_DEPLOYMENT_TARGET = 7.0;
				LD_RUNPATH_SEARCH_PATHS = "$(inherited) @executable_path/Frameworks";
				PRODUCT_BUNDLE_IDENTIFIER = com.zww.WaiHanDuanZi;
				PRODUCT_NAME = "$(TARGET_NAME)";
				TARGETED_DEVICE_FAMILY = 1;
			};
			name = Release;
		};
		F88591B92114481F00DC8112 /* Debug */ = {
			isa = XCBuildConfiguration;
			buildSettings = {
				CODE_SIGN_STYLE = Automatic;
				DEVELOPMENT_TEAM = VN2WB3SJ34;
				INFOPLIST_FILE = WaiHanDuanZiUITests/Info.plist;
				LD_RUNPATH_SEARCH_PATHS = "$(inherited) @executable_path/Frameworks @loader_path/Frameworks";
				PRODUCT_BUNDLE_IDENTIFIER = com.zww.WaiHanDuanZiUITests;
				PRODUCT_NAME = "$(TARGET_NAME)";
				TARGETED_DEVICE_FAMILY = "1,2";
				TEST_TARGET_NAME = WaiHanDuanZi;
			};
			name = Debug;
		};
		F88591BA2114481F00DC8112 /* Release */ = {
			isa = XCBuildConfiguration;
			buildSettings = {
				CODE_SIGN_STYLE = Automatic;
				DEVELOPMENT_TEAM = VN2WB3SJ34;
				INFOPLIST_FILE = WaiHanDuanZiUITests/Info.plist;
				LD_RUNPATH_SEARCH_PATHS = "$(inherited) @executable_path/Frameworks @loader_path/Frameworks";
				PRODUCT_BUNDLE_IDENTIFIER = com.zww.WaiHanDuanZiUITests;
				PRODUCT_NAME = "$(TARGET_NAME)";
				TARGETED_DEVICE_FAMILY = "1,2";
				TEST_TARGET_NAME = WaiHanDuanZi;
			};
			name = Release;
		};
/* End XCBuildConfiguration section */

/* Begin XCConfigurationList section */
		F885918F2114481D00DC8112 /* Build configuration list for PBXProject "WaiHanDuanZi" */ = {
			isa = XCConfigurationList;
			buildConfigurations = (
				F88591B32114481F00DC8112 /* Debug */,
				F88591B42114481F00DC8112 /* Release */,
			);
			defaultConfigurationIsVisible = 0;
			defaultConfigurationName = Release;
		};
		F88591B52114481F00DC8112 /* Build configuration list for PBXNativeTarget "WaiHanDuanZi" */ = {
			isa = XCConfigurationList;
			buildConfigurations = (
				F88591B62114481F00DC8112 /* Debug */,
				F88591B72114481F00DC8112 /* Release */,
			);
			defaultConfigurationIsVisible = 0;
			defaultConfigurationName = Release;
		};
		F88591B82114481F00DC8112 /* Build configuration list for PBXNativeTarget "WaiHanDuanZiUITests" */ = {
			isa = XCConfigurationList;
			buildConfigurations = (
				F88591B92114481F00DC8112 /* Debug */,
				F88591BA2114481F00DC8112 /* Release */,
			);
			defaultConfigurationIsVisible = 0;
			defaultConfigurationName = Release;
		};
/* End XCConfigurationList section */
	};
	rootObject = F885918C2114481D00DC8112 /* Project object */;
}
